{
  "originHash" : "7558206f8f89931a32b1102c6629a53dfa34b0f3ac3e8d228e68a4613860815d",
  "pins" : [
    {
      "identity" : "arclogger",
      "kind" : "remoteSourceControl",
      "location" : "https://github.com/arclabs-studio/ARCLogger.git",
      "state" : {
        "revision" : "c6fcb3571628d315e9fc7c00f28c12ac99fe42ca",
        "version" : "1.0.0"
      }
    },
    {
      "identity" : "arcstorage",
      "kind" : "remoteSourceControl",
      "location" : "https://github.com/arclabs-studio/ARCStorage.git",
      "state" : {
        "revision" : "738f5062b154838c19a002f21f25f299820768e5",
        "version" : "1.3.0"
      }
    }
  ],
  "version" : 3
}
